
Microsoft Visual Studio Solution File, Format Version 12.00
# Visual Studio Version 16
VisualStudioVersion = 16.0.31613.86
MinimumVisualStudioVersion = 10.0.40219.1
Project("{FAE04EC0-301F-11D3-BF4B-00C04F79EFBC}") = "TransactionMS", "TransactionMS.csproj", "{37032C0A-509C-4157-8914-12A797F12261}"
EndProject
Global
	GlobalSection(SolutionConfigurationPlatforms) = preSolution
		Debug|Any CPU = Debug|Any CPU
		Release|Any CPU = Release|Any CPU
	EndGlobalSection
	GlobalSection(ProjectConfigurationPlatforms) = postSolution
		{37032C0A-509C-4157-8914-12A797F12261}.Debug|Any CPU.ActiveCfg = Debug|Any CPU
		{37032C0A-509C-4157-8914-12A797F12261}.Debug|Any CPU.Build.0 = Debug|Any CPU
		{37032C0A-509C-4157-8914-12A797F12261}.Release|Any CPU.ActiveCfg = Release|Any CPU
		{37032C0A-509C-4157-8914-12A797F12261}.Release|Any CPU.Build.0 = Release|Any CPU
	EndGlobalSection
	GlobalSection(SolutionProperties) = preSolution
		HideSolutionNode = FALSE
	EndGlobalSection
	GlobalSection(ExtensibilityGlobals) = postSolution
		SolutionGuid = {70F6D67A-6FC6-49C6-9E52-D1E9E64D4DC8}
	EndGlobalSection
EndGlobal
